
Microsoft Visual Studio Solution File, Format Version 12.00
# Visual Studio Version 17
VisualStudioVersion = 17.9.34622.214
MinimumVisualStudioVersion = 10.0.40219.1
Project("{FAE04EC0-301F-11D3-BF4B-00C04F79EFBC}") = "Example", "Example\Example.csproj", "{F3529C1A-CCE5-4846-88EA-6BF4CBBECB61}"
EndProject
Global
	GlobalSection(SolutionConfigurationPlatforms) = preSolution
		Debug|Any CPU = Debug|Any CPU
		Release|Any CPU = Release|Any CPU
	EndGlobalSection
	GlobalSection(ProjectConfigurationPlatforms) = postSolution
		{F3529C1A-CCE5-4846-88EA-6BF4CBBECB61}.Debug|Any CPU.ActiveCfg = Debug|Any CPU
		{F3529C1A-CCE5-4846-88EA-6BF4CBBECB61}.Debug|Any CPU.Build.0 = Debug|Any CPU
		{F3529C1A-CCE5-4846-88EA-6BF4CBBECB61}.Release|Any CPU.ActiveCfg = Release|Any CPU
		{F3529C1A-CCE5-4846-88EA-6BF4CBBECB61}.Release|Any CPU.Build.0 = Release|Any CPU
	EndGlobalSection
	GlobalSection(SolutionProperties) = preSolution
		HideSolutionNode = FALSE
	EndGlobalSection
	GlobalSection(ExtensibilityGlobals) = postSolution
		SolutionGuid = {C63D8CD1-01A8-4DD5-AC90-664B3B78EB70}
	EndGlobalSection
EndGlobal
